// !$*UTF8*$!
{
	archiveVersion = 1;
	classes = {
	};
	objectVersion = 50;
	objects = {

/* Begin PBXBuildFile section */
		BB028C4923A831780076B457 /* libboost_system.a in Frameworks */ = {isa = PBXBuildFile; fileRef = BB028C4823A831780076B457 /* libboost_system.a */; };
		BB028C4B23A831860076B457 /* libboost_filesystem.a in Frameworks */ = {isa = PBXBuildFile; fileRef = BB028C4A23A831860076B457 /* libboost_filesystem.a */; };
		BB028C4D23A831960076B457 /* libboost_program_options.a in Frameworks */ = {isa = PBXBuildFile; fileRef = BB028C4C23A831960076B457 /* libboost_program_options.a */; };
		BBC43AFD23A82325000E8F7A /* main.cpp in Sources */ = {isa = PBXBuildFile; fileRef = BBC43AFC23A82325000E8F7A /* main.cpp */; };
		BBC43AFF23A8233A000E8F7A /* rrn.cpp in Sources */ = {isa = PBXBuildFile; fileRef = BBC43AFE23A8233A000E8F7A /* rrn.cpp */; };
		BBC43B1323A82C24000E8F7A /* rrn.hpp in Sources */ = {isa = PBXBuildFile; fileRef = BBC43B0023A82345000E8F7A /* rrn.hpp */; };
/* End PBXBuildFile section */

/* Begin PBXCopyFilesBuildPhase section */
		BBC43AF023A822FB000E8F7A /* Copy Files */ = {
			isa = PBXCopyFilesBuildPhase;
			buildActionMask = 2147483647;
			dstPath = /usr/share/man/man1/;
			dstSubfolderSpec = 0;
			files = (
			);
			name = "Copy Files";
			runOnlyForDeploymentPostprocessing = 1;
		};
		BBC43B0823A823F6000E8F7A /* Embed Libraries */ = {
			isa = PBXCopyFilesBuildPhase;
			buildActionMask = 2147483647;
			dstPath = "";
			dstSubfolderSpec = 10;
			files = (
			);
			name = "Embed Libraries";
			runOnlyForDeploymentPostprocessing = 0;
		};
/* End PBXCopyFilesBuildPhase section */

/* Begin PBXFileReference section */
		BB028C4823A831780076B457 /* libboost_system.a */ = {isa = PBXFileReference; lastKnownFileType = archive.ar; name = libboost_system.a; path = ../../../../../../../usr/local/lib/libboost_system.a; sourceTree = "<group>"; };
		BB028C4A23A831860076B457 /* libboost_filesystem.a */ = {isa = PBXFileReference; lastKnownFileType = archive.ar; name = libboost_filesystem.a; path = ../../../../../../../usr/local/lib/libboost_filesystem.a; sourceTree = "<group>"; };
		BB028C4C23A831960076B457 /* libboost_program_options.a */ = {isa = PBXFileReference; lastKnownFileType = archive.ar; name = libboost_program_options.a; path = ../../../../../../../usr/local/lib/libboost_program_options.a; sourceTree = "<group>"; };
		BBC43AF223A822FB000E8F7A /* rrn */ = {isa = PBXFileReference; explicitFileType = "compiled.mach-o.executable"; includeInIndex = 0; path = rrn; sourceTree = BUILT_PRODUCTS_DIR; };
		BBC43AFC23A82325000E8F7A /* main.cpp */ = {isa = PBXFileReference; fileEncoding = 4; lastKnownFileType = sourcecode.cpp.cpp; name = main.cpp; path = ../../main.cpp; sourceTree = "<group>"; };
		BBC43AFE23A8233A000E8F7A /* rrn.cpp */ = {isa = PBXFileReference; fileEncoding = 4; lastKnownFileType = sourcecode.cpp.cpp; name = rrn.cpp; path = ../../rrn.cpp; sourceTree = "<group>"; };
		BBC43B0023A82345000E8F7A /* rrn.hpp */ = {isa = PBXFileReference; fileEncoding = 4; lastKnownFileType = sourcecode.cpp.h; name = rrn.hpp; path = ../../rrn.hpp; sourceTree = "<group>"; };
/* End PBXFileReference section */

/* Begin PBXFrameworksBuildPhase section */
		BBC43AEF23A822FB000E8F7A /* Frameworks */ = {
			isa = PBXFrameworksBuildPhase;
			buildActionMask = 2147483647;
			files = (
				BB028C4B23A831860076B457 /* libboost_filesystem.a in Frameworks */,
				BB028C4923A831780076B457 /* libboost_system.a in Frameworks */,
				BB028C4D23A831960076B457 /* libboost_program_options.a in Frameworks */,
			);
			runOnlyForDeploymentPostprocessing = 0;
		};
/* End PBXFrameworksBuildPhase section */

/* Begin PBXGroup section */
		BBC43AE923A822FB000E8F7A = {
			isa = PBXGroup;
			children = (
				BB028C4C23A831960076B457 /* libboost_program_options.a */,
				BB028C4A23A831860076B457 /* libboost_filesystem.a */,
				BB028C4823A831780076B457 /* libboost_system.a */,
				BBC43AF423A822FB000E8F7A /* rrn */,
				BBC43AF323A822FB000E8F7A /* Products */,
			);
			sourceTree = "<group>";
		};
		BBC43AF323A822FB000E8F7A /* Products */ = {
			isa = PBXGroup;
			children = (
				BBC43AF223A822FB000E8F7A /* rrn */,
			);
			name = Products;
			sourceTree = "<group>";
		};
		BBC43AF423A822FB000E8F7A /* rrn */ = {
			isa = PBXGroup;
			children = (
				BBC43B0023A82345000E8F7A /* rrn.hpp */,
				BBC43AFE23A8233A000E8F7A /* rrn.cpp */,
				BBC43AFC23A82325000E8F7A /* main.cpp */,
			);
			path = rrn;
			sourceTree = "<group>";
		};
/* End PBXGroup section */

/* Begin PBXNativeTarget section */
		BBC43AF123A822FB000E8F7A /* rrn */ = {
			isa = PBXNativeTarget;
			buildConfigurationList = BBC43AF923A822FB000E8F7A /* Build configuration list for PBXNativeTarget "rrn" */;
			buildPhases = (
				BBC43AEE23A822FB000E8F7A /* Sources */,
				BBC43AEF23A822FB000E8F7A /* Frameworks */,
				BBC43AF023A822FB000E8F7A /* Copy Files */,
				BBC43B0823A823F6000E8F7A /* Embed Libraries */,
			);
			buildRules = (
			);
			dependencies = (
			);
			name = rrn;
			productName = rrn;
			productReference = BBC43AF223A822FB000E8F7A /* rrn */;
			productType = "com.apple.product-type.tool";
		};
/* End PBXNativeTarget section */

/* Begin PBXProject section */
		BBC43AEA23A822FB000E8F7A /* Project object */ = {
			isa = PBXProject;
			attributes = {
				LastUpgradeCheck = 1130;
				ORGANIZATIONNAME = "Sandy Marko Knauer";
				TargetAttributes = {
					BBC43AF123A822FB000E8F7A = {
						CreatedOnToolsVersion = 11.3;
					};
				};
			};
			buildConfigurationList = BBC43AED23A822FB000E8F7A /* Build configuration list for PBXProject "rrn" */;
			compatibilityVersion = "Xcode 9.3";
			developmentRegion = en;
			hasScannedForEncodings = 0;
			knownRegions = (
				en,
				Base,
			);
			mainGroup = BBC43AE923A822FB000E8F7A;
			productRefGroup = BBC43AF323A822FB000E8F7A /* Products */;
			projectDirPath = "";
			projectRoot = "";
			targets = (
				BBC43AF123A822FB000E8F7A /* rrn */,
			);
		};
/* End PBXProject section */

/* Begin PBXSourcesBuildPhase section */
		BBC43AEE23A822FB000E8F7A /* Sources */ = {
			isa = PBXSourcesBuildPhase;
			buildActionMask = 2147483647;
			files = (
				BBC43B1323A82C24000E8F7A /* rrn.hpp in Sources */,
				BBC43AFF23A8233A000E8F7A /* rrn.cpp in Sources */,
				BBC43AFD23A82325000E8F7A /* main.cpp in Sources */,
			);
			runOnlyForDeploymentPostprocessing = 0;
		};
/* End PBXSourcesBuildPhase section */

/* Begin XCBuildConfiguration section */
		BBC43AF723A822FB000E8F7A /* Debug */ = {
			isa = XCBuildConfiguration;
			buildSettings = {
				ALWAYS_SEARCH_USER_PATHS = NO;
				CLANG_ANALYZER_NONNULL = YES;
				CLANG_ANALYZER_NUMBER_OBJECT_CONVERSION = YES_AGGRESSIVE;
				CLANG_CXX_LANGUAGE_STANDARD = "c++17";
				CLANG_CXX_LIBRARY = "libc++";
				CLANG_ENABLE_MODULES = YES;
				CLANG_ENABLE_OBJC_ARC = NO;
				CLANG_ENABLE_OBJC_WEAK = YES;
				CLANG_WARN_BLOCK_CAPTURE_AUTORELEASING = YES;
				CLANG_WARN_BOOL_CONVERSION = YES;
				CLANG_WARN_COMMA = YES;
				CLANG_WARN_CONSTANT_CONVERSION = YES;
				CLANG_WARN_CXX0X_EXTENSIONS = YES;
				CLANG_WARN_DEPRECATED_OBJC_IMPLEMENTATIONS = YES;
				CLANG_WARN_DIRECT_OBJC_ISA_USAGE = YES_ERROR;
				CLANG_WARN_DOCUMENTATION_COMMENTS = NO;
				CLANG_WARN_EMPTY_BODY = YES;
				CLANG_WARN_ENUM_CONVERSION = YES;
				CLANG_WARN_INFINITE_RECURSION = YES;
				CLANG_WARN_INT_CONVERSION = YES;
				CLANG_WARN_NON_LITERAL_NULL_CONVERSION = YES;
				CLANG_WARN_OBJC_IMPLICIT_RETAIN_SELF = YES;
				CLANG_WARN_OBJC_LITERAL_CONVERSION = YES;
				CLANG_WARN_OBJC_ROOT_CLASS = YES_ERROR;
				CLANG_WARN_RANGE_LOOP_ANALYSIS = YES;
				CLANG_WARN_STRICT_PROTOTYPES = YES;
				CLANG_WARN_SUSPICIOUS_MOVE = YES;
				CLANG_WARN_UNGUARDED_AVAILABILITY = YES_AGGRESSIVE;
				CLANG_WARN_UNREACHABLE_CODE = YES;
				CLANG_WARN__DUPLICATE_METHOD_MATCH = YES;
				COPY_PHASE_STRIP = NO;
				DEBUG_INFORMATION_FORMAT = dwarf;
				ENABLE_STRICT_OBJC_MSGSEND = YES;
				ENABLE_TESTABILITY = YES;
				GCC_C_LANGUAGE_STANDARD = c11;
				GCC_DYNAMIC_NO_PIC = NO;
				GCC_NO_COMMON_BLOCKS = YES;
				GCC_OPTIMIZATION_LEVEL = 0;
				GCC_PREPROCESSOR_DEFINITIONS = (
					"DEBUG=1",
					"$(inherited)",
				);
				GCC_TREAT_INCOMPATIBLE_POINTER_TYPE_WARNINGS_AS_ERRORS = YES;
				GCC_WARN_64_TO_32_BIT_CONVERSION = YES;
				GCC_WARN_ABOUT_RETURN_TYPE = YES_ERROR;
				GCC_WARN_UNDECLARED_SELECTOR = YES;
				GCC_WARN_UNINITIALIZED_AUTOS = YES_AGGRESSIVE;
				GCC_WARN_UNUSED_FUNCTION = YES;
				GCC_WARN_UNUSED_VARIABLE = YES;
				HEADER_SEARCH_PATHS = /usr/local/include/boost;
				LIBRARY_SEARCH_PATHS = /usr/local/lib;
				MACOSX_DEPLOYMENT_TARGET = 10.15;
				MTL_ENABLE_DEBUG_INFO = INCLUDE_SOURCE;
				MTL_FAST_MATH = YES;
				ONLY_ACTIVE_ARCH = YES;
				OTHER_LDFLAGS = (
					"-l",
					boost_system,
					"-l",
					boost_filesystem,
					"-l",
					boost_program_options,
				);
				SDKROOT = macosx;
			};
			name = Debug;
		};
		BBC43AF823A822FB000E8F7A /* Release */ = {
			isa = XCBuildConfiguration;
			buildSettings = {
				ALWAYS_SEARCH_USER_PATHS = NO;
				CLANG_ANALYZER_NONNULL = YES;
				CLANG_ANALYZER_NUMBER_OBJECT_CONVERSION = YES_AGGRESSIVE;
				CLANG_CXX_LANGUAGE_STANDARD = "c++17";
				CLANG_CXX_LIBRARY = "libc++";
				CLANG_ENABLE_MODULES = YES;
				CLANG_ENABLE_OBJC_ARC = NO;
				CLANG_ENABLE_OBJC_WEAK = YES;
				CLANG_WARN_BLOCK_CAPTURE_AUTORELEASING = YES;
				CLANG_WARN_BOOL_CONVERSION = YES;
				CLANG_WARN_COMMA = YES;
				CLANG_WARN_CONSTANT_CONVERSION = YES;
				CLANG_WARN_CXX0X_EXTENSIONS = YES;
				CLANG_WARN_DEPRECATED_OBJC_IMPLEMENTATIONS = YES;
				CLANG_WARN_DIRECT_OBJC_ISA_USAGE = YES_ERROR;
				CLANG_WARN_DOCUMENTATION_COMMENTS = NO;
				CLANG_WARN_EMPTY_BODY = YES;
				CLANG_WARN_ENUM_CONVERSION = YES;
				CLANG_WARN_INFINITE_RECURSION = YES;
				CLANG_WARN_INT_CONVERSION = YES;
				CLANG_WARN_NON_LITERAL_NULL_CONVERSION = YES;
				CLANG_WARN_OBJC_IMPLICIT_RETAIN_SELF = YES;
				CLANG_WARN_OBJC_LITERAL_CONVERSION = YES;
				CLANG_WARN_OBJC_ROOT_CLASS = YES_ERROR;
				CLANG_WARN_RANGE_LOOP_ANALYSIS = YES;
				CLANG_WARN_STRICT_PROTOTYPES = YES;
				CLANG_WARN_SUSPICIOUS_MOVE = YES;
				CLANG_WARN_UNGUARDED_AVAILABILITY = YES_AGGRESSIVE;
				CLANG_WARN_UNREACHABLE_CODE = YES;
				CLANG_WARN__DUPLICATE_METHOD_MATCH = YES;
				COPY_PHASE_STRIP = NO;
				DEBUG_INFORMATION_FORMAT = "dwarf-with-dsym";
				ENABLE_NS_ASSERTIONS = NO;
				ENABLE_STRICT_OBJC_MSGSEND = YES;
				GCC_C_LANGUAGE_STANDARD = c11;
				GCC_NO_COMMON_BLOCKS = YES;
				GCC_TREAT_INCOMPATIBLE_POINTER_TYPE_WARNINGS_AS_ERRORS = YES;
				GCC_WARN_64_TO_32_BIT_CONVERSION = YES;
				GCC_WARN_ABOUT_RETURN_TYPE = YES_ERROR;
				GCC_WARN_UNDECLARED_SELECTOR = YES;
				GCC_WARN_UNINITIALIZED_AUTOS = YES_AGGRESSIVE;
				GCC_WARN_UNUSED_FUNCTION = YES;
				GCC_WARN_UNUSED_VARIABLE = YES;
				HEADER_SEARCH_PATHS = /usr/local/include/boost;
				LIBRARY_SEARCH_PATHS = /usr/local/lib;
				MACOSX_DEPLOYMENT_TARGET = 10.15;
				MTL_ENABLE_DEBUG_INFO = NO;
				MTL_FAST_MATH = YES;
				OTHER_LDFLAGS = (
					"-l",
					boost_system,
					"-l",
					boost_filesystem,
					"-l",
					boost_program_options,
				);
				SDKROOT = macosx;
			};
			name = Release;
		};
		BBC43AFA23A822FB000E8F7A /* Debug */ = {
			isa = XCBuildConfiguration;
			buildSettings = {
				CLANG_CXX_LANGUAGE_STANDARD = "c++17";
				CLANG_CXX_LIBRARY = "libc++";
				CLANG_ENABLE_MODULES = YES;
				CLANG_ENABLE_OBJC_WEAK = YES;
				CLANG_WARN_DOCUMENTATION_COMMENTS = NO;
				CODE_SIGN_STYLE = Automatic;
				GCC_C_LANGUAGE_STANDARD = c11;
				GCC_SYMBOLS_PRIVATE_EXTERN = NO;
				GCC_TREAT_INCOMPATIBLE_POINTER_TYPE_WARNINGS_AS_ERRORS = NO;
				HEADER_SEARCH_PATHS = /usr/local/include;
				LIBRARY_SEARCH_PATHS = /usr/local/lib;
				OTHER_LDFLAGS = (
					"-l",
					boost_system,
					"-l",
					boost_program_options,
					"-l",
					boost_filesystem,
				);
				PRODUCT_NAME = "$(TARGET_NAME)";
			};
			name = Debug;
		};
		BBC43AFB23A822FB000E8F7A /* Release */ = {
			isa = XCBuildConfiguration;
			buildSettings = {
				CLANG_CXX_LANGUAGE_STANDARD = "c++17";
				CLANG_CXX_LIBRARY = "libc++";
				CLANG_ENABLE_MODULES = YES;
				CLANG_ENABLE_OBJC_WEAK = YES;
				CLANG_WARN_DOCUMENTATION_COMMENTS = NO;
				CODE_SIGN_STYLE = Automatic;
				GCC_C_LANGUAGE_STANDARD = c11;
				GCC_SYMBOLS_PRIVATE_EXTERN = NO;
				GCC_TREAT_INCOMPATIBLE_POINTER_TYPE_WARNINGS_AS_ERRORS = NO;
				HEADER_SEARCH_PATHS = /usr/local/include;
				LIBRARY_SEARCH_PATHS = /usr/local/lib;
				OTHER_LDFLAGS = (
					"-l",
					boost_system,
					"-l",
					boost_program_options,
					"-l",
					boost_filesystem,
				);
				PRODUCT_NAME = "$(TARGET_NAME)";
			};
			name = Release;
		};
/* End XCBuildConfiguration section */

/* Begin XCConfigurationList section */
		BBC43AED23A822FB000E8F7A /* Build configuration list for PBXProject "rrn" */ = {
			isa = XCConfigurationList;
			buildConfigurations = (
				BBC43AF723A822FB000E8F7A /* Debug */,
				BBC43AF823A822FB000E8F7A /* Release */,
			);
			defaultConfigurationIsVisible = 0;
			defaultConfigurationName = Release;
		};
		BBC43AF923A822FB000E8F7A /* Build configuration list for PBXNativeTarget "rrn" */ = {
			isa = XCConfigurationList;
			buildConfigurations = (
				BBC43AFA23A822FB000E8F7A /* Debug */,
				BBC43AFB23A822FB000E8F7A /* Release */,
			);
			defaultConfigurationIsVisible = 0;
			defaultConfigurationName = Release;
		};
/* End XCConfigurationList section */
	};
	rootObject = BBC43AEA23A822FB000E8F7A /* Project object */;
}
